{
    "version": 3,
    "terraform_version": "0.11.3",
    "serial": 96,
    "lineage": "e9b524bb-7e19-4edb-9517-0cfa42239b31",
    "modules": [
        {
            "path": [
                "root"
            ],
            "outputs": {},
            "resources": {
                "aws_alb.DEMO": {
                    "type": "aws_alb",
                    "depends_on": [
                        "aws_security_group.private-1a",
                        "aws_subnet.Public-1a",
                        "aws_subnet.Public-1b"
                    ],
                    "primary": {
                        "id": "arn:aws:elasticloadbalancing:ap-south-1:895959828379:loadbalancer/app/DEMO-alb/37e3b1812cc36442",
                        "attributes": {
                            "access_logs.#": "0",
                            "arn": "arn:aws:elasticloadbalancing:ap-south-1:895959828379:loadbalancer/app/DEMO-alb/37e3b1812cc36442",
                            "arn_suffix": "app/DEMO-alb/37e3b1812cc36442",
                            "dns_name": "DEMO-alb-1860779614.ap-south-1.elb.amazonaws.com",
                            "enable_deletion_protection": "false",
                            "enable_http2": "true",
                            "id": "arn:aws:elasticloadbalancing:ap-south-1:895959828379:loadbalancer/app/DEMO-alb/37e3b1812cc36442",
                            "idle_timeout": "60",
                            "internal": "false",
                            "ip_address_type": "ipv4",
                            "load_balancer_type": "application",
                            "name": "DEMO-alb",
                            "security_groups.#": "1",
                            "security_groups.3194656225": "sg-3e722f55",
                            "subnet_mapping.#": "0",
                            "subnets.#": "2",
                            "subnets.2341711497": "subnet-4c9a0224",
                            "subnets.768902854": "subnet-6a29e026",
                            "tags.%": "1",
                            "tags.name": "DEMO",
                            "vpc_id": "vpc-f791fc9f",
                            "zone_id": "ZP97RAFLXTNZK"
                        },
                        "meta": {
                            "e2bfb730-ecaa-11e6-8f88-34363bc7c4c0": {
                                "create": 600000000000,
                                "delete": 600000000000,
                                "update": 600000000000
                            }
                        },
                        "tainted": false
                    },
                    "deposed": [],
                    "provider": "provider.aws"
                },
                "aws_alb_listener.alb_listener": {
                    "type": "aws_alb_listener",
                    "depends_on": [
                        "aws_alb.DEMO",
                        "aws_alb_target_group.DEMO"
                    ],
                    "primary": {
                        "id": "arn:aws:elasticloadbalancing:ap-south-1:895959828379:listener/app/DEMO-alb/37e3b1812cc36442/4e9b8f0ceaa737b4",
                        "attributes": {
                            "arn": "arn:aws:elasticloadbalancing:ap-south-1:895959828379:listener/app/DEMO-alb/37e3b1812cc36442/4e9b8f0ceaa737b4",
                            "default_action.#": "1",
                            "default_action.0.target_group_arn": "arn:aws:elasticloadbalancing:ap-south-1:895959828379:targetgroup/test/5190ed060c85e40e",
                            "default_action.0.type": "forward",
                            "id": "arn:aws:elasticloadbalancing:ap-south-1:895959828379:listener/app/DEMO-alb/37e3b1812cc36442/4e9b8f0ceaa737b4",
                            "load_balancer_arn": "arn:aws:elasticloadbalancing:ap-south-1:895959828379:loadbalancer/app/DEMO-alb/37e3b1812cc36442",
                            "port": "80",
                            "protocol": "HTTP",
                            "ssl_policy": ""
                        },
                        "meta": {},
                        "tainted": false
                    },
                    "deposed": [],
                    "provider": "provider.aws"
                },
                "aws_alb_target_group.DEMO": {
                    "type": "aws_alb_target_group",
                    "depends_on": [
                        "aws_vpc.default"
                    ],
                    "primary": {
                        "id": "arn:aws:elasticloadbalancing:ap-south-1:895959828379:targetgroup/test/5190ed060c85e40e",
                        "attributes": {
                            "arn": "arn:aws:elasticloadbalancing:ap-south-1:895959828379:targetgroup/test/5190ed060c85e40e",
                            "arn_suffix": "targetgroup/test/5190ed060c85e40e",
                            "deregistration_delay": "300",
                            "health_check.#": "1",
                            "health_check.0.healthy_threshold": "3",
                            "health_check.0.interval": "10",
                            "health_check.0.matcher": "200",
                            "health_check.0.path": "/",
                            "health_check.0.port": "80",
                            "health_check.0.protocol": "HTTP",
                            "health_check.0.timeout": "5",
                            "health_check.0.unhealthy_threshold": "10",
                            "id": "arn:aws:elasticloadbalancing:ap-south-1:895959828379:targetgroup/test/5190ed060c85e40e",
                            "name": "test",
                            "port": "80",
                            "protocol": "HTTP",
                            "stickiness.#": "1",
                            "stickiness.0.cookie_duration": "86400",
                            "stickiness.0.enabled": "false",
                            "stickiness.0.type": "lb_cookie",
                            "tags.%": "0",
                            "target_type": "instance",
                            "vpc_id": "vpc-f791fc9f"
                        },
                        "meta": {},
                        "tainted": false
                    },
                    "deposed": [],
                    "provider": "provider.aws"
                },
                "aws_alb_target_group_attachment.default1": {
                    "type": "aws_alb_target_group_attachment",
                    "depends_on": [
                        "aws_alb_target_group.DEMO",
                        "aws_instance.WEB1"
                    ],
                    "primary": {
                        "id": "arn:aws:elasticloadbalancing:ap-south-1:895959828379:targetgroup/test/5190ed060c85e40e-20180505224721641400000001",
                        "attributes": {
                            "id": "arn:aws:elasticloadbalancing:ap-south-1:895959828379:targetgroup/test/5190ed060c85e40e-20180505224721641400000001",
                            "port": "80",
                            "target_group_arn": "arn:aws:elasticloadbalancing:ap-south-1:895959828379:targetgroup/test/5190ed060c85e40e",
                            "target_id": "i-0751be3b7366b149e"
                        },
                        "meta": {},
                        "tainted": false
                    },
                    "deposed": [],
                    "provider": "provider.aws"
                },
                "aws_alb_target_group_attachment.default2": {
                    "type": "aws_alb_target_group_attachment",
                    "depends_on": [
                        "aws_alb_target_group.DEMO",
                        "aws_instance.WEB2"
                    ],
                    "primary": {
                        "id": "arn:aws:elasticloadbalancing:ap-south-1:895959828379:targetgroup/test/5190ed060c85e40e-20180505224721671800000002",
                        "attributes": {
                            "id": "arn:aws:elasticloadbalancing:ap-south-1:895959828379:targetgroup/test/5190ed060c85e40e-20180505224721671800000002",
                            "port": "80",
                            "target_group_arn": "arn:aws:elasticloadbalancing:ap-south-1:895959828379:targetgroup/test/5190ed060c85e40e",
                            "target_id": "i-0416ffb2caa1ac534"
                        },
                        "meta": {},
                        "tainted": false
                    },
                    "deposed": [],
                    "provider": "provider.aws"
                },
                "aws_eip.eip1": {
                    "type": "aws_eip",
                    "depends_on": [
                        "aws_internet_gateway.gw"
                    ],
                    "primary": {
                        "id": "eipalloc-b65d6d98",
                        "attributes": {
                            "association_id": "eipassoc-f0ef300c",
                            "domain": "vpc",
                            "id": "eipalloc-b65d6d98",
                            "instance": "",
                            "network_interface": "eni-8af179d4",
                            "private_ip": "192.168.3.237",
                            "public_ip": "35.154.175.148",
                            "tags.%": "0",
                            "vpc": "true"
                        },
                        "meta": {
                            "e2bfb730-ecaa-11e6-8f88-34363bc7c4c0": {
                                "delete": 180000000000,
                                "read": 900000000000,
                                "update": 300000000000
                            }
                        },
                        "tainted": false
                    },
                    "deposed": [],
                    "provider": "provider.aws"
                },
                "aws_eip.eip2": {
                    "type": "aws_eip",
                    "depends_on": [
                        "aws_internet_gateway.gw"
                    ],
                    "primary": {
                        "id": "eipalloc-d35a6afd",
                        "attributes": {
                            "association_id": "eipassoc-7f9375a5",
                            "domain": "vpc",
                            "id": "eipalloc-d35a6afd",
                            "instance": "",
                            "network_interface": "eni-66d03f4c",
                            "private_ip": "192.168.4.92",
                            "public_ip": "13.127.233.4",
                            "tags.%": "0",
                            "vpc": "true"
                        },
                        "meta": {
                            "e2bfb730-ecaa-11e6-8f88-34363bc7c4c0": {
                                "delete": 180000000000,
                                "read": 900000000000,
                                "update": 300000000000
                            }
                        },
                        "tainted": false
                    },
                    "deposed": [],
                    "provider": "provider.aws"
                },
                "aws_instance.WEB1": {
                    "type": "aws_instance",
                    "depends_on": [
                        "aws_security_group.private-1a",
                        "aws_subnet.Private-1a"
                    ],
                    "primary": {
                        "id": "i-0751be3b7366b149e",
                        "attributes": {
                            "ami": "ami-0189d76e",
                            "associate_public_ip_address": "false",
                            "availability_zone": "ap-south-1a",
                            "disable_api_termination": "false",
                            "ebs_block_device.#": "0",
                            "ebs_optimized": "false",
                            "ephemeral_block_device.#": "0",
                            "get_password_data": "false",
                            "iam_instance_profile": "",
                            "id": "i-0751be3b7366b149e",
                            "instance_state": "running",
                            "instance_type": "t2.micro",
                            "ipv6_addresses.#": "0",
                            "key_name": "29thRavi",
                            "monitoring": "false",
                            "network_interface.#": "0",
                            "network_interface_id": "eni-2388007d",
                            "password_data": "",
                            "placement_group": "",
                            "primary_network_interface_id": "eni-2388007d",
                            "private_dns": "ip-192-168-1-132.ap-south-1.compute.internal",
                            "private_ip": "192.168.1.132",
                            "public_dns": "",
                            "public_ip": "",
                            "root_block_device.#": "1",
                            "root_block_device.0.delete_on_termination": "true",
                            "root_block_device.0.iops": "100",
                            "root_block_device.0.volume_id": "vol-06933fd855f2d182b",
                            "root_block_device.0.volume_size": "8",
                            "root_block_device.0.volume_type": "gp2",
                            "security_groups.#": "0",
                            "source_dest_check": "true",
                            "subnet_id": "subnet-1799017f",
                            "tags.%": "0",
                            "tenancy": "default",
                            "user_data": "f656cd9de8860addc5a82630adc18c1b3a4883e5",
                            "volume_tags.%": "0",
                            "vpc_security_group_ids.#": "1",
                            "vpc_security_group_ids.3194656225": "sg-3e722f55"
                        },
                        "meta": {
                            "e2bfb730-ecaa-11e6-8f88-34363bc7c4c0": {
                                "create": 600000000000,
                                "delete": 1200000000000,
                                "update": 600000000000
                            },
                            "schema_version": "1"
                        },
                        "tainted": false
                    },
                    "deposed": [],
                    "provider": "provider.aws"
                },
                "aws_instance.WEB2": {
                    "type": "aws_instance",
                    "depends_on": [
                        "aws_security_group.private-1a",
                        "aws_subnet.Private-1b"
                    ],
                    "primary": {
                        "id": "i-0416ffb2caa1ac534",
                        "attributes": {
                            "ami": "ami-0189d76e",
                            "associate_public_ip_address": "false",
                            "availability_zone": "ap-south-1b",
                            "disable_api_termination": "false",
                            "ebs_block_device.#": "0",
                            "ebs_optimized": "false",
                            "ephemeral_block_device.#": "0",
                            "get_password_data": "false",
                            "iam_instance_profile": "",
                            "id": "i-0416ffb2caa1ac534",
                            "instance_state": "running",
                            "instance_type": "t2.micro",
                            "ipv6_addresses.#": "0",
                            "key_name": "29thRavi",
                            "monitoring": "false",
                            "network_interface.#": "0",
                            "network_interface_id": "eni-6d29c647",
                            "password_data": "",
                            "placement_group": "",
                            "primary_network_interface_id": "eni-6d29c647",
                            "private_dns": "ip-192-168-2-91.ap-south-1.compute.internal",
                            "private_ip": "192.168.2.91",
                            "public_dns": "",
                            "public_ip": "",
                            "root_block_device.#": "1",
                            "root_block_device.0.delete_on_termination": "true",
                            "root_block_device.0.iops": "100",
                            "root_block_device.0.volume_id": "vol-04721258f532b034f",
                            "root_block_device.0.volume_size": "8",
                            "root_block_device.0.volume_type": "gp2",
                            "security_groups.#": "0",
                            "source_dest_check": "true",
                            "subnet_id": "subnet-3529e079",
                            "tags.%": "0",
                            "tenancy": "default",
                            "user_data": "f656cd9de8860addc5a82630adc18c1b3a4883e5",
                            "volume_tags.%": "0",
                            "vpc_security_group_ids.#": "1",
                            "vpc_security_group_ids.3194656225": "sg-3e722f55"
                        },
                        "meta": {
                            "e2bfb730-ecaa-11e6-8f88-34363bc7c4c0": {
                                "create": 600000000000,
                                "delete": 1200000000000,
                                "update": 600000000000
                            },
                            "schema_version": "1"
                        },
                        "tainted": false
                    },
                    "deposed": [],
                    "provider": "provider.aws"
                },
                "aws_internet_gateway.gw": {
                    "type": "aws_internet_gateway",
                    "depends_on": [
                        "aws_vpc.default"
                    ],
                    "primary": {
                        "id": "igw-e1475588",
                        "attributes": {
                            "id": "igw-e1475588",
                            "tags.%": "1",
                            "tags.Name": "New_VPC_IGW_1A",
                            "vpc_id": "vpc-f791fc9f"
                        },
                        "meta": {},
                        "tainted": false
                    },
                    "deposed": [],
                    "provider": "provider.aws"
                },
                "aws_nat_gateway.gw-a": {
                    "type": "aws_nat_gateway",
                    "depends_on": [
                        "aws_eip.eip1",
                        "aws_internet_gateway.gw",
                        "aws_subnet.Public-1a"
                    ],
                    "primary": {
                        "id": "nat-0ce4fcfe54357bd0d",
                        "attributes": {
                            "allocation_id": "eipalloc-b65d6d98",
                            "id": "nat-0ce4fcfe54357bd0d",
                            "network_interface_id": "eni-8af179d4",
                            "private_ip": "192.168.3.237",
                            "public_ip": "35.154.175.148",
                            "subnet_id": "subnet-4c9a0224",
                            "tags.%": "0"
                        },
                        "meta": {},
                        "tainted": false
                    },
                    "deposed": [],
                    "provider": "provider.aws"
                },
                "aws_nat_gateway.gw-b": {
                    "type": "aws_nat_gateway",
                    "depends_on": [
                        "aws_eip.eip2",
                        "aws_internet_gateway.gw",
                        "aws_subnet.Public-1b"
                    ],
                    "primary": {
                        "id": "nat-0739e7c451df789e2",
                        "attributes": {
                            "allocation_id": "eipalloc-d35a6afd",
                            "id": "nat-0739e7c451df789e2",
                            "network_interface_id": "eni-66d03f4c",
                            "private_ip": "192.168.4.92",
                            "public_ip": "13.127.233.4",
                            "subnet_id": "subnet-6a29e026",
                            "tags.%": "0"
                        },
                        "meta": {},
                        "tainted": false
                    },
                    "deposed": [],
                    "provider": "provider.aws"
                },
                "aws_route_table.default-a": {
                    "type": "aws_route_table",
                    "depends_on": [
                        "aws_internet_gateway.gw",
                        "aws_vpc.default"
                    ],
                    "primary": {
                        "id": "rtb-f1486c99",
                        "attributes": {
                            "id": "rtb-f1486c99",
                            "propagating_vgws.#": "0",
                            "route.#": "1",
                            "route.2032586204.cidr_block": "0.0.0.0/0",
                            "route.2032586204.egress_only_gateway_id": "",
                            "route.2032586204.gateway_id": "igw-e1475588",
                            "route.2032586204.instance_id": "",
                            "route.2032586204.ipv6_cidr_block": "",
                            "route.2032586204.nat_gateway_id": "",
                            "route.2032586204.network_interface_id": "",
                            "route.2032586204.vpc_peering_connection_id": "",
                            "tags.%": "0",
                            "vpc_id": "vpc-f791fc9f"
                        },
                        "meta": {},
                        "tainted": false
                    },
                    "deposed": [],
                    "provider": "provider.aws"
                },
                "aws_route_table.default-private-a": {
                    "type": "aws_route_table",
                    "depends_on": [
                        "aws_nat_gateway.gw-a",
                        "aws_vpc.default"
                    ],
                    "primary": {
                        "id": "rtb-be4f6bd6",
                        "attributes": {
                            "id": "rtb-be4f6bd6",
                            "propagating_vgws.#": "0",
                            "route.#": "1",
                            "route.3025158289.cidr_block": "0.0.0.0/0",
                            "route.3025158289.egress_only_gateway_id": "",
                            "route.3025158289.gateway_id": "",
                            "route.3025158289.instance_id": "",
                            "route.3025158289.ipv6_cidr_block": "",
                            "route.3025158289.nat_gateway_id": "nat-0ce4fcfe54357bd0d",
                            "route.3025158289.network_interface_id": "",
                            "route.3025158289.vpc_peering_connection_id": "",
                            "tags.%": "0",
                            "vpc_id": "vpc-f791fc9f"
                        },
                        "meta": {},
                        "tainted": false
                    },
                    "deposed": [],
                    "provider": "provider.aws"
                },
                "aws_route_table.default-private-b": {
                    "type": "aws_route_table",
                    "depends_on": [
                        "aws_nat_gateway.gw-b",
                        "aws_vpc.default"
                    ],
                    "primary": {
                        "id": "rtb-c04e6aa8",
                        "attributes": {
                            "id": "rtb-c04e6aa8",
                            "propagating_vgws.#": "0",
                            "route.#": "1",
                            "route.3194809681.cidr_block": "0.0.0.0/0",
                            "route.3194809681.egress_only_gateway_id": "",
                            "route.3194809681.gateway_id": "",
                            "route.3194809681.instance_id": "",
                            "route.3194809681.ipv6_cidr_block": "",
                            "route.3194809681.nat_gateway_id": "nat-0739e7c451df789e2",
                            "route.3194809681.network_interface_id": "",
                            "route.3194809681.vpc_peering_connection_id": "",
                            "tags.%": "0",
                            "vpc_id": "vpc-f791fc9f"
                        },
                        "meta": {},
                        "tainted": false
                    },
                    "deposed": [],
                    "provider": "provider.aws"
                },
                "aws_route_table_association.Public_ap-south-1a": {
                    "type": "aws_route_table_association",
                    "depends_on": [
                        "aws_route_table.default-a",
                        "aws_subnet.Public-1a"
                    ],
                    "primary": {
                        "id": "rtbassoc-d9d108b2",
                        "attributes": {
                            "id": "rtbassoc-d9d108b2",
                            "route_table_id": "rtb-f1486c99",
                            "subnet_id": "subnet-4c9a0224"
                        },
                        "meta": {},
                        "tainted": false
                    },
                    "deposed": [],
                    "provider": "provider.aws"
                },
                "aws_route_table_association.Public_ap-south-1b": {
                    "type": "aws_route_table_association",
                    "depends_on": [
                        "aws_route_table.default-a",
                        "aws_subnet.Public-1b"
                    ],
                    "primary": {
                        "id": "rtbassoc-e1de078a",
                        "attributes": {
                            "id": "rtbassoc-e1de078a",
                            "route_table_id": "rtb-f1486c99",
                            "subnet_id": "subnet-6a29e026"
                        },
                        "meta": {},
                        "tainted": false
                    },
                    "deposed": [],
                    "provider": "provider.aws"
                },
                "aws_route_table_association.private-ap-1a": {
                    "type": "aws_route_table_association",
                    "depends_on": [
                        "aws_route_table.default-private-a",
                        "aws_subnet.Private-1a"
                    ],
                    "primary": {
                        "id": "rtbassoc-63d00908",
                        "attributes": {
                            "id": "rtbassoc-63d00908",
                            "route_table_id": "rtb-be4f6bd6",
                            "subnet_id": "subnet-1799017f"
                        },
                        "meta": {},
                        "tainted": false
                    },
                    "deposed": [],
                    "provider": "provider.aws"
                },
                "aws_route_table_association.private-ap-1b": {
                    "type": "aws_route_table_association",
                    "depends_on": [
                        "aws_route_table.default-private-b",
                        "aws_subnet.Private-1b"
                    ],
                    "primary": {
                        "id": "rtbassoc-9bdf06f0",
                        "attributes": {
                            "id": "rtbassoc-9bdf06f0",
                            "route_table_id": "rtb-c04e6aa8",
                            "subnet_id": "subnet-3529e079"
                        },
                        "meta": {},
                        "tainted": false
                    },
                    "deposed": [],
                    "provider": "provider.aws"
                },
                "aws_security_group.private-1a": {
                    "type": "aws_security_group",
                    "depends_on": [
                        "aws_vpc.default"
                    ],
                    "primary": {
                        "id": "sg-3e722f55",
                        "attributes": {
                            "arn": "arn:aws:ec2:ap-south-1:895959828379:security-group/sg-3e722f55",
                            "description": "SG for private instances",
                            "egress.#": "1",
                            "egress.1403647648.cidr_blocks.#": "1",
                            "egress.1403647648.cidr_blocks.0": "0.0.0.0/0",
                            "egress.1403647648.description": "",
                            "egress.1403647648.from_port": "0",
                            "egress.1403647648.ipv6_cidr_blocks.#": "0",
                            "egress.1403647648.prefix_list_ids.#": "0",
                            "egress.1403647648.protocol": "tcp",
                            "egress.1403647648.security_groups.#": "0",
                            "egress.1403647648.self": "false",
                            "egress.1403647648.to_port": "65535",
                            "id": "sg-3e722f55",
                            "ingress.#": "1",
                            "ingress.1403647648.cidr_blocks.#": "1",
                            "ingress.1403647648.cidr_blocks.0": "0.0.0.0/0",
                            "ingress.1403647648.description": "",
                            "ingress.1403647648.from_port": "0",
                            "ingress.1403647648.ipv6_cidr_blocks.#": "0",
                            "ingress.1403647648.protocol": "tcp",
                            "ingress.1403647648.security_groups.#": "0",
                            "ingress.1403647648.self": "false",
                            "ingress.1403647648.to_port": "65535",
                            "name": "PRIVATE SG",
                            "owner_id": "895959828379",
                            "revoke_rules_on_delete": "false",
                            "tags.%": "1",
                            "tags.name": "TEST",
                            "vpc_id": "vpc-f791fc9f"
                        },
                        "meta": {
                            "e2bfb730-ecaa-11e6-8f88-34363bc7c4c0": {
                                "create": 600000000000,
                                "delete": 600000000000
                            },
                            "schema_version": "1"
                        },
                        "tainted": false
                    },
                    "deposed": [],
                    "provider": "provider.aws"
                },
                "aws_subnet.Private-1a": {
                    "type": "aws_subnet",
                    "depends_on": [
                        "aws_vpc.default"
                    ],
                    "primary": {
                        "id": "subnet-1799017f",
                        "attributes": {
                            "assign_ipv6_address_on_creation": "false",
                            "availability_zone": "ap-south-1a",
                            "cidr_block": "192.168.1.0/24",
                            "id": "subnet-1799017f",
                            "map_public_ip_on_launch": "false",
                            "tags.%": "1",
                            "tags.Name": "PRIVATE1A",
                            "vpc_id": "vpc-f791fc9f"
                        },
                        "meta": {
                            "schema_version": "1"
                        },
                        "tainted": false
                    },
                    "deposed": [],
                    "provider": "provider.aws"
                },
                "aws_subnet.Private-1b": {
                    "type": "aws_subnet",
                    "depends_on": [
                        "aws_vpc.default"
                    ],
                    "primary": {
                        "id": "subnet-3529e079",
                        "attributes": {
                            "assign_ipv6_address_on_creation": "false",
                            "availability_zone": "ap-south-1b",
                            "cidr_block": "192.168.2.0/24",
                            "id": "subnet-3529e079",
                            "map_public_ip_on_launch": "false",
                            "tags.%": "1",
                            "tags.Name": "PRIVATE1B",
                            "vpc_id": "vpc-f791fc9f"
                        },
                        "meta": {
                            "schema_version": "1"
                        },
                        "tainted": false
                    },
                    "deposed": [],
                    "provider": "provider.aws"
                },
                "aws_subnet.Public-1a": {
                    "type": "aws_subnet",
                    "depends_on": [
                        "aws_vpc.default"
                    ],
                    "primary": {
                        "id": "subnet-4c9a0224",
                        "attributes": {
                            "assign_ipv6_address_on_creation": "false",
                            "availability_zone": "ap-south-1a",
                            "cidr_block": "192.168.3.0/24",
                            "id": "subnet-4c9a0224",
                            "map_public_ip_on_launch": "false",
                            "tags.%": "1",
                            "tags.Name": "PUBLIC1A",
                            "vpc_id": "vpc-f791fc9f"
                        },
                        "meta": {
                            "schema_version": "1"
                        },
                        "tainted": false
                    },
                    "deposed": [],
                    "provider": "provider.aws"
                },
                "aws_subnet.Public-1b": {
                    "type": "aws_subnet",
                    "depends_on": [
                        "aws_vpc.default"
                    ],
                    "primary": {
                        "id": "subnet-6a29e026",
                        "attributes": {
                            "assign_ipv6_address_on_creation": "false",
                            "availability_zone": "ap-south-1b",
                            "cidr_block": "192.168.4.0/24",
                            "id": "subnet-6a29e026",
                            "map_public_ip_on_launch": "false",
                            "tags.%": "1",
                            "tags.Name": "PUBLIC1B",
                            "vpc_id": "vpc-f791fc9f"
                        },
                        "meta": {
                            "schema_version": "1"
                        },
                        "tainted": false
                    },
                    "deposed": [],
                    "provider": "provider.aws"
                },
                "aws_vpc.default": {
                    "type": "aws_vpc",
                    "depends_on": [],
                    "primary": {
                        "id": "vpc-f791fc9f",
                        "attributes": {
                            "assign_generated_ipv6_cidr_block": "false",
                            "cidr_block": "192.168.0.0/16",
                            "default_network_acl_id": "acl-533c773b",
                            "default_route_table_id": "rtb-ca4e6aa2",
                            "default_security_group_id": "sg-2e732e45",
                            "dhcp_options_id": "dopt-22c2504a",
                            "enable_dns_hostnames": "false",
                            "enable_dns_support": "true",
                            "id": "vpc-f791fc9f",
                            "instance_tenancy": "default",
                            "main_route_table_id": "rtb-ca4e6aa2",
                            "tags.%": "1",
                            "tags.Name": "DEMO"
                        },
                        "meta": {
                            "schema_version": "1"
                        },
                        "tainted": false
                    },
                    "deposed": [],
                    "provider": "provider.aws"
                }
            },
            "depends_on": []
        }
    ]
}
